// !$*UTF8*$!
{
	archiveVersion = 1;
	classes = {
	};
	objectVersion = 50;
	objects = {

/* Begin PBXBuildFile section */
		B837F4162465345200A32AB2 /* AppDelegate.swift in Sources */ = {isa = PBXBuildFile; fileRef = B837F4152465345200A32AB2 /* AppDelegate.swift */; };
		B837F4182465345200A32AB2 /* SceneDelegate.swift in Sources */ = {isa = PBXBuildFile; fileRef = B837F4172465345200A32AB2 /* SceneDelegate.swift */; };
		B837F41A2465345200A32AB2 /* DashboardViewController.swift in Sources */ = {isa = PBXBuildFile; fileRef = B837F4192465345200A32AB2 /* DashboardViewController.swift */; };
		B837F41D2465345200A32AB2 /* Main.storyboard in Resources */ = {isa = PBXBuildFile; fileRef = B837F41B2465345200A32AB2 /* Main.storyboard */; };
		B837F41F2465345500A32AB2 /* Assets.xcassets in Resources */ = {isa = PBXBuildFile; fileRef = B837F41E2465345500A32AB2 /* Assets.xcassets */; };
		B837F4222465345500A32AB2 /* LaunchScreen.storyboard in Resources */ = {isa = PBXBuildFile; fileRef = B837F4202465345500A32AB2 /* LaunchScreen.storyboard */; };
		B837F43F246556B600A32AB2 /* DashboardModels.swift in Sources */ = {isa = PBXBuildFile; fileRef = B837F43E246556B600A32AB2 /* DashboardModels.swift */; };
		B837F441246556C300A32AB2 /* DashboardWorker.swift in Sources */ = {isa = PBXBuildFile; fileRef = B837F440246556C300A32AB2 /* DashboardWorker.swift */; };
		B837F4432465584E00A32AB2 /* APIManager.swift in Sources */ = {isa = PBXBuildFile; fileRef = B837F4422465584E00A32AB2 /* APIManager.swift */; };
		B837F4452465585900A32AB2 /* APIWorker.swift in Sources */ = {isa = PBXBuildFile; fileRef = B837F4442465585900A32AB2 /* APIWorker.swift */; };
		B837F447246558B700A32AB2 /* APIModels.swift in Sources */ = {isa = PBXBuildFile; fileRef = B837F446246558B700A32AB2 /* APIModels.swift */; };
		B837F44A24655CE100A32AB2 /* Log.swift in Sources */ = {isa = PBXBuildFile; fileRef = B837F44924655CE100A32AB2 /* Log.swift */; };
		B837F44D24655FCC00A32AB2 /* Constants.swift in Sources */ = {isa = PBXBuildFile; fileRef = B837F44C24655FCC00A32AB2 /* Constants.swift */; };
		B837F44F2466673A00A32AB2 /* APIManager+Dashboard.swift in Sources */ = {isa = PBXBuildFile; fileRef = B837F44E2466673A00A32AB2 /* APIManager+Dashboard.swift */; };
		B837F45124666AE100A32AB2 /* String+Utility.swift in Sources */ = {isa = PBXBuildFile; fileRef = B837F45024666AE100A32AB2 /* String+Utility.swift */; };
		B837F45424666F3200A32AB2 /* DashboardTests.swift in Sources */ = {isa = PBXBuildFile; fileRef = B837F45324666F3200A32AB2 /* DashboardTests.swift */; };
		B837F4562466830E00A32AB2 /* APIManagerStub.swift in Sources */ = {isa = PBXBuildFile; fileRef = B837F4552466830E00A32AB2 /* APIManagerStub.swift */; };
		B837F45B24669FBA00A32AB2 /* ToastController.swift in Sources */ = {isa = PBXBuildFile; fileRef = B837F45924669FBA00A32AB2 /* ToastController.swift */; };
		B837F45C24669FBA00A32AB2 /* ToastController.xib in Resources */ = {isa = PBXBuildFile; fileRef = B837F45A24669FBA00A32AB2 /* ToastController.xib */; };
		B837F4602466C69A00A32AB2 /* LoadingIndicatorController.swift in Sources */ = {isa = PBXBuildFile; fileRef = B837F45E2466C69A00A32AB2 /* LoadingIndicatorController.swift */; };
		B837F4612466C69A00A32AB2 /* LoadingIndicatorController.xib in Resources */ = {isa = PBXBuildFile; fileRef = B837F45F2466C69A00A32AB2 /* LoadingIndicatorController.xib */; };
/* End PBXBuildFile section */

/* Begin PBXContainerItemProxy section */
		B837F4292465345600A32AB2 /* PBXContainerItemProxy */ = {
			isa = PBXContainerItemProxy;
			containerPortal = B837F40A2465345200A32AB2 /* Project object */;
			proxyType = 1;
			remoteGlobalIDString = B837F4112465345200A32AB2;
			remoteInfo = ChartApp;
		};
/* End PBXContainerItemProxy section */

/* Begin PBXFileReference section */
		B837F4122465345200A32AB2 /* ChartApp.app */ = {isa = PBXFileReference; explicitFileType = wrapper.application; includeInIndex = 0; path = ChartApp.app; sourceTree = BUILT_PRODUCTS_DIR; };
		B837F4152465345200A32AB2 /* AppDelegate.swift */ = {isa = PBXFileReference; lastKnownFileType = sourcecode.swift; path = AppDelegate.swift; sourceTree = "<group>"; };
		B837F4172465345200A32AB2 /* SceneDelegate.swift */ = {isa = PBXFileReference; lastKnownFileType = sourcecode.swift; path = SceneDelegate.swift; sourceTree = "<group>"; };
		B837F4192465345200A32AB2 /* DashboardViewController.swift */ = {isa = PBXFileReference; lastKnownFileType = sourcecode.swift; path = DashboardViewController.swift; sourceTree = "<group>"; };
		B837F41C2465345200A32AB2 /* Base */ = {isa = PBXFileReference; lastKnownFileType = file.storyboard; name = Base; path = Base.lproj/Main.storyboard; sourceTree = "<group>"; };
		B837F41E2465345500A32AB2 /* Assets.xcassets */ = {isa = PBXFileReference; lastKnownFileType = folder.assetcatalog; path = Assets.xcassets; sourceTree = "<group>"; };
		B837F4212465345500A32AB2 /* Base */ = {isa = PBXFileReference; lastKnownFileType = file.storyboard; name = Base; path = Base.lproj/LaunchScreen.storyboard; sourceTree = "<group>"; };
		B837F4232465345500A32AB2 /* Info.plist */ = {isa = PBXFileReference; lastKnownFileType = text.plist.xml; path = Info.plist; sourceTree = "<group>"; };
		B837F4282465345600A32AB2 /* ChartAppTests.xctest */ = {isa = PBXFileReference; explicitFileType = wrapper.cfbundle; includeInIndex = 0; path = ChartAppTests.xctest; sourceTree = BUILT_PRODUCTS_DIR; };
		B837F42E2465345600A32AB2 /* Info.plist */ = {isa = PBXFileReference; lastKnownFileType = text.plist.xml; path = Info.plist; sourceTree = "<group>"; };
		B837F43E246556B600A32AB2 /* DashboardModels.swift */ = {isa = PBXFileReference; lastKnownFileType = sourcecode.swift; path = DashboardModels.swift; sourceTree = "<group>"; };
		B837F440246556C300A32AB2 /* DashboardWorker.swift */ = {isa = PBXFileReference; lastKnownFileType = sourcecode.swift; path = DashboardWorker.swift; sourceTree = "<group>"; };
		B837F4422465584E00A32AB2 /* APIManager.swift */ = {isa = PBXFileReference; lastKnownFileType = sourcecode.swift; path = APIManager.swift; sourceTree = "<group>"; };
		B837F4442465585900A32AB2 /* APIWorker.swift */ = {isa = PBXFileReference; lastKnownFileType = sourcecode.swift; path = APIWorker.swift; sourceTree = "<group>"; };
		B837F446246558B700A32AB2 /* APIModels.swift */ = {isa = PBXFileReference; lastKnownFileType = sourcecode.swift; path = APIModels.swift; sourceTree = "<group>"; };
		B837F44924655CE100A32AB2 /* Log.swift */ = {isa = PBXFileReference; lastKnownFileType = sourcecode.swift; path = Log.swift; sourceTree = "<group>"; };
		B837F44C24655FCC00A32AB2 /* Constants.swift */ = {isa = PBXFileReference; lastKnownFileType = sourcecode.swift; path = Constants.swift; sourceTree = "<group>"; };
		B837F44E2466673A00A32AB2 /* APIManager+Dashboard.swift */ = {isa = PBXFileReference; lastKnownFileType = sourcecode.swift; path = "APIManager+Dashboard.swift"; sourceTree = "<group>"; };
		B837F45024666AE100A32AB2 /* String+Utility.swift */ = {isa = PBXFileReference; lastKnownFileType = sourcecode.swift; path = "String+Utility.swift"; sourceTree = "<group>"; };
		B837F45324666F3200A32AB2 /* DashboardTests.swift */ = {isa = PBXFileReference; lastKnownFileType = sourcecode.swift; path = DashboardTests.swift; sourceTree = "<group>"; };
		B837F4552466830E00A32AB2 /* APIManagerStub.swift */ = {isa = PBXFileReference; lastKnownFileType = sourcecode.swift; path = APIManagerStub.swift; sourceTree = "<group>"; };
		B837F45924669FBA00A32AB2 /* ToastController.swift */ = {isa = PBXFileReference; lastKnownFileType = sourcecode.swift; path = ToastController.swift; sourceTree = "<group>"; };
		B837F45A24669FBA00A32AB2 /* ToastController.xib */ = {isa = PBXFileReference; lastKnownFileType = file.xib; path = ToastController.xib; sourceTree = "<group>"; };
		B837F45E2466C69A00A32AB2 /* LoadingIndicatorController.swift */ = {isa = PBXFileReference; lastKnownFileType = sourcecode.swift; path = LoadingIndicatorController.swift; sourceTree = "<group>"; };
		B837F45F2466C69A00A32AB2 /* LoadingIndicatorController.xib */ = {isa = PBXFileReference; lastKnownFileType = file.xib; path = LoadingIndicatorController.xib; sourceTree = "<group>"; };
/* End PBXFileReference section */

/* Begin PBXFrameworksBuildPhase section */
		B837F40F2465345200A32AB2 /* Frameworks */ = {
			isa = PBXFrameworksBuildPhase;
			buildActionMask = 2147483647;
			files = (
			);
			runOnlyForDeploymentPostprocessing = 0;
		};
		B837F4252465345600A32AB2 /* Frameworks */ = {
			isa = PBXFrameworksBuildPhase;
			buildActionMask = 2147483647;
			files = (
			);
			runOnlyForDeploymentPostprocessing = 0;
		};
/* End PBXFrameworksBuildPhase section */

/* Begin PBXGroup section */
		B837F4092465345200A32AB2 = {
			isa = PBXGroup;
			children = (
				B837F4142465345200A32AB2 /* ChartApp */,
				B837F42B2465345600A32AB2 /* ChartAppTests */,
				B837F4132465345200A32AB2 /* Products */,
			);
			sourceTree = "<group>";
		};
		B837F4132465345200A32AB2 /* Products */ = {
			isa = PBXGroup;
			children = (
				B837F4122465345200A32AB2 /* ChartApp.app */,
				B837F4282465345600A32AB2 /* ChartAppTests.xctest */,
			);
			name = Products;
			sourceTree = "<group>";
		};
		B837F4142465345200A32AB2 /* ChartApp */ = {
			isa = PBXGroup;
			children = (
				B837F4392465549300A32AB2 /* Shared */,
				B837F43A246554AD00A32AB2 /* Modules */,
				B837F4232465345500A32AB2 /* Info.plist */,
			);
			path = ChartApp;
			sourceTree = "<group>";
		};
		B837F42B2465345600A32AB2 /* ChartAppTests */ = {
			isa = PBXGroup;
			children = (
				B837F45324666F3200A32AB2 /* DashboardTests.swift */,
				B837F4552466830E00A32AB2 /* APIManagerStub.swift */,
				B837F42E2465345600A32AB2 /* Info.plist */,
			);
			path = ChartAppTests;
			sourceTree = "<group>";
		};
		B837F4372465547100A32AB2 /* Main */ = {
			isa = PBXGroup;
			children = (
				B837F4152465345200A32AB2 /* AppDelegate.swift */,
				B837F4172465345200A32AB2 /* SceneDelegate.swift */,
			);
			path = Main;
			sourceTree = "<group>";
		};
		B837F4382465548200A32AB2 /* Assets */ = {
			isa = PBXGroup;
			children = (
				B837F41E2465345500A32AB2 /* Assets.xcassets */,
			);
			path = Assets;
			sourceTree = "<group>";
		};
		B837F4392465549300A32AB2 /* Shared */ = {
			isa = PBXGroup;
			children = (
				B837F4372465547100A32AB2 /* Main */,
				B837F4382465548200A32AB2 /* Assets */,
				B837F448246558BE00A32AB2 /* API */,
				B837F44B24655D2B00A32AB2 /* Helpers */,
				B837F45224666AE600A32AB2 /* Extensions */,
				B837F45D24669FBE00A32AB2 /* Toast */,
				B837F4622466C69E00A32AB2 /* Loading Indicator */,
			);
			path = Shared;
			sourceTree = "<group>";
		};
		B837F43A246554AD00A32AB2 /* Modules */ = {
			isa = PBXGroup;
			children = (
				B837F43C2465567E00A32AB2 /* Shared */,
				B837F43D2465568400A32AB2 /* Dashboard */,
			);
			path = Modules;
			sourceTree = "<group>";
		};
		B837F43B246554B400A32AB2 /* Views */ = {
			isa = PBXGroup;
			children = (
				B837F41B2465345200A32AB2 /* Main.storyboard */,
				B837F4202465345500A32AB2 /* LaunchScreen.storyboard */,
			);
			path = Views;
			sourceTree = "<group>";
		};
		B837F43C2465567E00A32AB2 /* Shared */ = {
			isa = PBXGroup;
			children = (
				B837F43B246554B400A32AB2 /* Views */,
			);
			path = Shared;
			sourceTree = "<group>";
		};
		B837F43D2465568400A32AB2 /* Dashboard */ = {
			isa = PBXGroup;
			children = (
				B837F4192465345200A32AB2 /* DashboardViewController.swift */,
				B837F43E246556B600A32AB2 /* DashboardModels.swift */,
				B837F440246556C300A32AB2 /* DashboardWorker.swift */,
			);
			path = Dashboard;
			sourceTree = "<group>";
		};
		B837F448246558BE00A32AB2 /* API */ = {
			isa = PBXGroup;
			children = (
				B837F4422465584E00A32AB2 /* APIManager.swift */,
				B837F44E2466673A00A32AB2 /* APIManager+Dashboard.swift */,
				B837F446246558B700A32AB2 /* APIModels.swift */,
				B837F4442465585900A32AB2 /* APIWorker.swift */,
			);
			path = API;
			sourceTree = "<group>";
		};
		B837F44B24655D2B00A32AB2 /* Helpers */ = {
			isa = PBXGroup;
			children = (
				B837F44C24655FCC00A32AB2 /* Constants.swift */,
				B837F44924655CE100A32AB2 /* Log.swift */,
			);
			path = Helpers;
			sourceTree = "<group>";
		};
		B837F45224666AE600A32AB2 /* Extensions */ = {
			isa = PBXGroup;
			children = (
				B837F45024666AE100A32AB2 /* String+Utility.swift */,
			);
			path = Extensions;
			sourceTree = "<group>";
		};
		B837F45D24669FBE00A32AB2 /* Toast */ = {
			isa = PBXGroup;
			children = (
				B837F45924669FBA00A32AB2 /* ToastController.swift */,
				B837F45A24669FBA00A32AB2 /* ToastController.xib */,
			);
			path = Toast;
			sourceTree = "<group>";
		};
		B837F4622466C69E00A32AB2 /* Loading Indicator */ = {
			isa = PBXGroup;
			children = (
				B837F45E2466C69A00A32AB2 /* LoadingIndicatorController.swift */,
				B837F45F2466C69A00A32AB2 /* LoadingIndicatorController.xib */,
			);
			path = "Loading Indicator";
			sourceTree = "<group>";
		};
/* End PBXGroup section */

/* Begin PBXNativeTarget section */
		B837F4112465345200A32AB2 /* ChartApp */ = {
			isa = PBXNativeTarget;
			buildConfigurationList = B837F4312465345600A32AB2 /* Build configuration list for PBXNativeTarget "ChartApp" */;
			buildPhases = (
				B837F40E2465345200A32AB2 /* Sources */,
				B837F40F2465345200A32AB2 /* Frameworks */,
				B837F4102465345200A32AB2 /* Resources */,
			);
			buildRules = (
			);
			dependencies = (
			);
			name = ChartApp;
			productName = ChartApp;
			productReference = B837F4122465345200A32AB2 /* ChartApp.app */;
			productType = "com.apple.product-type.application";
		};
		B837F4272465345600A32AB2 /* ChartAppTests */ = {
			isa = PBXNativeTarget;
			buildConfigurationList = B837F4342465345600A32AB2 /* Build configuration list for PBXNativeTarget "ChartAppTests" */;
			buildPhases = (
				B837F4242465345600A32AB2 /* Sources */,
				B837F4252465345600A32AB2 /* Frameworks */,
				B837F4262465345600A32AB2 /* Resources */,
			);
			buildRules = (
			);
			dependencies = (
				B837F42A2465345600A32AB2 /* PBXTargetDependency */,
			);
			name = ChartAppTests;
			productName = ChartAppTests;
			productReference = B837F4282465345600A32AB2 /* ChartAppTests.xctest */;
			productType = "com.apple.product-type.bundle.unit-test";
		};
/* End PBXNativeTarget section */

/* Begin PBXProject section */
		B837F40A2465345200A32AB2 /* Project object */ = {
			isa = PBXProject;
			attributes = {
				LastSwiftUpdateCheck = 1140;
				LastUpgradeCheck = 1140;
				ORGANIZATIONNAME = "Zaid Said";
				TargetAttributes = {
					B837F4112465345200A32AB2 = {
						CreatedOnToolsVersion = 11.4.1;
					};
					B837F4272465345600A32AB2 = {
						CreatedOnToolsVersion = 11.4.1;
						TestTargetID = B837F4112465345200A32AB2;
					};
				};
			};
			buildConfigurationList = B837F40D2465345200A32AB2 /* Build configuration list for PBXProject "ChartApp" */;
			compatibilityVersion = "Xcode 9.3";
			developmentRegion = en;
			hasScannedForEncodings = 0;
			knownRegions = (
				en,
				Base,
			);
			mainGroup = B837F4092465345200A32AB2;
			productRefGroup = B837F4132465345200A32AB2 /* Products */;
			projectDirPath = "";
			projectRoot = "";
			targets = (
				B837F4112465345200A32AB2 /* ChartApp */,
				B837F4272465345600A32AB2 /* ChartAppTests */,
			);
		};
/* End PBXProject section */

/* Begin PBXResourcesBuildPhase section */
		B837F4102465345200A32AB2 /* Resources */ = {
			isa = PBXResourcesBuildPhase;
			buildActionMask = 2147483647;
			files = (
				B837F4612466C69A00A32AB2 /* LoadingIndicatorController.xib in Resources */,
				B837F4222465345500A32AB2 /* LaunchScreen.storyboard in Resources */,
				B837F41F2465345500A32AB2 /* Assets.xcassets in Resources */,
				B837F41D2465345200A32AB2 /* Main.storyboard in Resources */,
				B837F45C24669FBA00A32AB2 /* ToastController.xib in Resources */,
			);
			runOnlyForDeploymentPostprocessing = 0;
		};
		B837F4262465345600A32AB2 /* Resources */ = {
			isa = PBXResourcesBuildPhase;
			buildActionMask = 2147483647;
			files = (
			);
			runOnlyForDeploymentPostprocessing = 0;
		};
/* End PBXResourcesBuildPhase section */

/* Begin PBXSourcesBuildPhase section */
		B837F40E2465345200A32AB2 /* Sources */ = {
			isa = PBXSourcesBuildPhase;
			buildActionMask = 2147483647;
			files = (
				B837F44F2466673A00A32AB2 /* APIManager+Dashboard.swift in Sources */,
				B837F447246558B700A32AB2 /* APIModels.swift in Sources */,
				B837F4432465584E00A32AB2 /* APIManager.swift in Sources */,
				B837F43F246556B600A32AB2 /* DashboardModels.swift in Sources */,
				B837F41A2465345200A32AB2 /* DashboardViewController.swift in Sources */,
				B837F44A24655CE100A32AB2 /* Log.swift in Sources */,
				B837F45B24669FBA00A32AB2 /* ToastController.swift in Sources */,
				B837F44D24655FCC00A32AB2 /* Constants.swift in Sources */,
				B837F4602466C69A00A32AB2 /* LoadingIndicatorController.swift in Sources */,
				B837F441246556C300A32AB2 /* DashboardWorker.swift in Sources */,
				B837F4162465345200A32AB2 /* AppDelegate.swift in Sources */,
				B837F45124666AE100A32AB2 /* String+Utility.swift in Sources */,
				B837F4452465585900A32AB2 /* APIWorker.swift in Sources */,
				B837F4182465345200A32AB2 /* SceneDelegate.swift in Sources */,
			);
			runOnlyForDeploymentPostprocessing = 0;
		};
		B837F4242465345600A32AB2 /* Sources */ = {
			isa = PBXSourcesBuildPhase;
			buildActionMask = 2147483647;
			files = (
				B837F4562466830E00A32AB2 /* APIManagerStub.swift in Sources */,
				B837F45424666F3200A32AB2 /* DashboardTests.swift in Sources */,
			);
			runOnlyForDeploymentPostprocessing = 0;
		};
/* End PBXSourcesBuildPhase section */

/* Begin PBXTargetDependency section */
		B837F42A2465345600A32AB2 /* PBXTargetDependency */ = {
			isa = PBXTargetDependency;
			target = B837F4112465345200A32AB2 /* ChartApp */;
			targetProxy = B837F4292465345600A32AB2 /* PBXContainerItemProxy */;
		};
/* End PBXTargetDependency section */

/* Begin PBXVariantGroup section */
		B837F41B2465345200A32AB2 /* Main.storyboard */ = {
			isa = PBXVariantGroup;
			children = (
				B837F41C2465345200A32AB2 /* Base */,
			);
			name = Main.storyboard;
			sourceTree = "<group>";
		};
		B837F4202465345500A32AB2 /* LaunchScreen.storyboard */ = {
			isa = PBXVariantGroup;
			children = (
				B837F4212465345500A32AB2 /* Base */,
			);
			name = LaunchScreen.storyboard;
			sourceTree = "<group>";
		};
/* End PBXVariantGroup section */

/* Begin XCBuildConfiguration section */
		B837F42F2465345600A32AB2 /* Debug */ = {
			isa = XCBuildConfiguration;
			buildSettings = {
				ALWAYS_SEARCH_USER_PATHS = NO;
				CLANG_ANALYZER_NONNULL = YES;
				CLANG_ANALYZER_NUMBER_OBJECT_CONVERSION = YES_AGGRESSIVE;
				CLANG_CXX_LANGUAGE_STANDARD = "gnu++14";
				CLANG_CXX_LIBRARY = "libc++";
				CLANG_ENABLE_MODULES = YES;
				CLANG_ENABLE_OBJC_ARC = YES;
				CLANG_ENABLE_OBJC_WEAK = YES;
				CLANG_WARN_BLOCK_CAPTURE_AUTORELEASING = YES;
				CLANG_WARN_BOOL_CONVERSION = YES;
				CLANG_WARN_COMMA = YES;
				CLANG_WARN_CONSTANT_CONVERSION = YES;
				CLANG_WARN_DEPRECATED_OBJC_IMPLEMENTATIONS = YES;
				CLANG_WARN_DIRECT_OBJC_ISA_USAGE = YES_ERROR;
				CLANG_WARN_DOCUMENTATION_COMMENTS = YES;
				CLANG_WARN_EMPTY_BODY = YES;
				CLANG_WARN_ENUM_CONVERSION = YES;
				CLANG_WARN_INFINITE_RECURSION = YES;
				CLANG_WARN_INT_CONVERSION = YES;
				CLANG_WARN_NON_LITERAL_NULL_CONVERSION = YES;
				CLANG_WARN_OBJC_IMPLICIT_RETAIN_SELF = YES;
				CLANG_WARN_OBJC_LITERAL_CONVERSION = YES;
				CLANG_WARN_OBJC_ROOT_CLASS = YES_ERROR;
				CLANG_WARN_RANGE_LOOP_ANALYSIS = YES;
				CLANG_WARN_STRICT_PROTOTYPES = YES;
				CLANG_WARN_SUSPICIOUS_MOVE = YES;
				CLANG_WARN_UNGUARDED_AVAILABILITY = YES_AGGRESSIVE;
				CLANG_WARN_UNREACHABLE_CODE = YES;
				CLANG_WARN__DUPLICATE_METHOD_MATCH = YES;
				COPY_PHASE_STRIP = NO;
				DEBUG_INFORMATION_FORMAT = dwarf;
				ENABLE_STRICT_OBJC_MSGSEND = YES;
				ENABLE_TESTABILITY = YES;
				GCC_C_LANGUAGE_STANDARD = gnu11;
				GCC_DYNAMIC_NO_PIC = NO;
				GCC_NO_COMMON_BLOCKS = YES;
				GCC_OPTIMIZATION_LEVEL = 0;
				GCC_PREPROCESSOR_DEFINITIONS = (
					"DEBUG=1",
					"$(inherited)",
				);
				GCC_WARN_64_TO_32_BIT_CONVERSION = YES;
				GCC_WARN_ABOUT_RETURN_TYPE = YES_ERROR;
				GCC_WARN_UNDECLARED_SELECTOR = YES;
				GCC_WARN_UNINITIALIZED_AUTOS = YES_AGGRESSIVE;
				GCC_WARN_UNUSED_FUNCTION = YES;
				GCC_WARN_UNUSED_VARIABLE = YES;
				IPHONEOS_DEPLOYMENT_TARGET = 13.4;
				MTL_ENABLE_DEBUG_INFO = INCLUDE_SOURCE;
				MTL_FAST_MATH = YES;
				ONLY_ACTIVE_ARCH = YES;
				SDKROOT = iphoneos;
				SWIFT_ACTIVE_COMPILATION_CONDITIONS = DEBUG;
				SWIFT_OPTIMIZATION_LEVEL = "-Onone";
			};
			name = Debug;
		};
		B837F4302465345600A32AB2 /* Release */ = {
			isa = XCBuildConfiguration;
			buildSettings = {
				ALWAYS_SEARCH_USER_PATHS = NO;
				CLANG_ANALYZER_NONNULL = YES;
				CLANG_ANALYZER_NUMBER_OBJECT_CONVERSION = YES_AGGRESSIVE;
				CLANG_CXX_LANGUAGE_STANDARD = "gnu++14";
				CLANG_CXX_LIBRARY = "libc++";
				CLANG_ENABLE_MODULES = YES;
				CLANG_ENABLE_OBJC_ARC = YES;
				CLANG_ENABLE_OBJC_WEAK = YES;
				CLANG_WARN_BLOCK_CAPTURE_AUTORELEASING = YES;
				CLANG_WARN_BOOL_CONVERSION = YES;
				CLANG_WARN_COMMA = YES;
				CLANG_WARN_CONSTANT_CONVERSION = YES;
				CLANG_WARN_DEPRECATED_OBJC_IMPLEMENTATIONS = YES;
				CLANG_WARN_DIRECT_OBJC_ISA_USAGE = YES_ERROR;
				CLANG_WARN_DOCUMENTATION_COMMENTS = YES;
				CLANG_WARN_EMPTY_BODY = YES;
				CLANG_WARN_ENUM_CONVERSION = YES;
				CLANG_WARN_INFINITE_RECURSION = YES;
				CLANG_WARN_INT_CONVERSION = YES;
				CLANG_WARN_NON_LITERAL_NULL_CONVERSION = YES;
				CLANG_WARN_OBJC_IMPLICIT_RETAIN_SELF = YES;
				CLANG_WARN_OBJC_LITERAL_CONVERSION = YES;
				CLANG_WARN_OBJC_ROOT_CLASS = YES_ERROR;
				CLANG_WARN_RANGE_LOOP_ANALYSIS = YES;
				CLANG_WARN_STRICT_PROTOTYPES = YES;
				CLANG_WARN_SUSPICIOUS_MOVE = YES;
				CLANG_WARN_UNGUARDED_AVAILABILITY = YES_AGGRESSIVE;
				CLANG_WARN_UNREACHABLE_CODE = YES;
				CLANG_WARN__DUPLICATE_METHOD_MATCH = YES;
				COPY_PHASE_STRIP = NO;
				DEBUG_INFORMATION_FORMAT = "dwarf-with-dsym";
				ENABLE_NS_ASSERTIONS = NO;
				ENABLE_STRICT_OBJC_MSGSEND = YES;
				GCC_C_LANGUAGE_STANDARD = gnu11;
				GCC_NO_COMMON_BLOCKS = YES;
				GCC_WARN_64_TO_32_BIT_CONVERSION = YES;
				GCC_WARN_ABOUT_RETURN_TYPE = YES_ERROR;
				GCC_WARN_UNDECLARED_SELECTOR = YES;
				GCC_WARN_UNINITIALIZED_AUTOS = YES_AGGRESSIVE;
				GCC_WARN_UNUSED_FUNCTION = YES;
				GCC_WARN_UNUSED_VARIABLE = YES;
				IPHONEOS_DEPLOYMENT_TARGET = 13.4;
				MTL_ENABLE_DEBUG_INFO = NO;
				MTL_FAST_MATH = YES;
				SDKROOT = iphoneos;
				SWIFT_COMPILATION_MODE = wholemodule;
				SWIFT_OPTIMIZATION_LEVEL = "-O";
				VALIDATE_PRODUCT = YES;
			};
			name = Release;
		};
		B837F4322465345600A32AB2 /* Debug */ = {
			isa = XCBuildConfiguration;
			buildSettings = {
				ASSETCATALOG_COMPILER_APPICON_NAME = AppIcon;
				CODE_SIGN_STYLE = Automatic;
				DEVELOPMENT_TEAM = C8C5YY57VR;
				INFOPLIST_FILE = ChartApp/Info.plist;
				LD_RUNPATH_SEARCH_PATHS = (
					"$(inherited)",
					"@executable_path/Frameworks",
				);
				PRODUCT_BUNDLE_IDENTIFIER = com.sentulasia.ChartApp;
				PRODUCT_NAME = "$(TARGET_NAME)";
				SWIFT_VERSION = 5.0;
				TARGETED_DEVICE_FAMILY = "1,2";
			};
			name = Debug;
		};
		B837F4332465345600A32AB2 /* Release */ = {
			isa = XCBuildConfiguration;
			buildSettings = {
				ASSETCATALOG_COMPILER_APPICON_NAME = AppIcon;
				CODE_SIGN_STYLE = Automatic;
				DEVELOPMENT_TEAM = C8C5YY57VR;
				INFOPLIST_FILE = ChartApp/Info.plist;
				LD_RUNPATH_SEARCH_PATHS = (
					"$(inherited)",
					"@executable_path/Frameworks",
				);
				PRODUCT_BUNDLE_IDENTIFIER = com.sentulasia.ChartApp;
				PRODUCT_NAME = "$(TARGET_NAME)";
				SWIFT_VERSION = 5.0;
				TARGETED_DEVICE_FAMILY = "1,2";
			};
			name = Release;
		};
		B837F4352465345600A32AB2 /* Debug */ = {
			isa = XCBuildConfiguration;
			buildSettings = {
				ALWAYS_EMBED_SWIFT_STANDARD_LIBRARIES = YES;
				BUNDLE_LOADER = "$(TEST_HOST)";
				CODE_SIGN_STYLE = Automatic;
				DEVELOPMENT_TEAM = C8C5YY57VR;
				INFOPLIST_FILE = ChartAppTests/Info.plist;
				IPHONEOS_DEPLOYMENT_TARGET = 13.4;
				LD_RUNPATH_SEARCH_PATHS = (
					"$(inherited)",
					"@executable_path/Frameworks",
					"@loader_path/Frameworks",
				);
				PRODUCT_BUNDLE_IDENTIFIER = com.sentulasia.ChartAppTests;
				PRODUCT_NAME = "$(TARGET_NAME)";
				SWIFT_VERSION = 5.0;
				TARGETED_DEVICE_FAMILY = "1,2";
				TEST_HOST = "$(BUILT_PRODUCTS_DIR)/ChartApp.app/ChartApp";
			};
			name = Debug;
		};
		B837F4362465345600A32AB2 /* Release */ = {
			isa = XCBuildConfiguration;
			buildSettings = {
				ALWAYS_EMBED_SWIFT_STANDARD_LIBRARIES = YES;
				BUNDLE_LOADER = "$(TEST_HOST)";
				CODE_SIGN_STYLE = Automatic;
				DEVELOPMENT_TEAM = C8C5YY57VR;
				INFOPLIST_FILE = ChartAppTests/Info.plist;
				IPHONEOS_DEPLOYMENT_TARGET = 13.4;
				LD_RUNPATH_SEARCH_PATHS = (
					"$(inherited)",
					"@executable_path/Frameworks",
					"@loader_path/Frameworks",
				);
				PRODUCT_BUNDLE_IDENTIFIER = com.sentulasia.ChartAppTests;
				PRODUCT_NAME = "$(TARGET_NAME)";
				SWIFT_VERSION = 5.0;
				TARGETED_DEVICE_FAMILY = "1,2";
				TEST_HOST = "$(BUILT_PRODUCTS_DIR)/ChartApp.app/ChartApp";
			};
			name = Release;
		};
/* End XCBuildConfiguration section */

/* Begin XCConfigurationList section */
		B837F40D2465345200A32AB2 /* Build configuration list for PBXProject "ChartApp" */ = {
			isa = XCConfigurationList;
			buildConfigurations = (
				B837F42F2465345600A32AB2 /* Debug */,
				B837F4302465345600A32AB2 /* Release */,
			);
			defaultConfigurationIsVisible = 0;
			defaultConfigurationName = Release;
		};
		B837F4312465345600A32AB2 /* Build configuration list for PBXNativeTarget "ChartApp" */ = {
			isa = XCConfigurationList;
			buildConfigurations = (
				B837F4322465345600A32AB2 /* Debug */,
				B837F4332465345600A32AB2 /* Release */,
			);
			defaultConfigurationIsVisible = 0;
			defaultConfigurationName = Release;
		};
		B837F4342465345600A32AB2 /* Build configuration list for PBXNativeTarget "ChartAppTests" */ = {
			isa = XCConfigurationList;
			buildConfigurations = (
				B837F4352465345600A32AB2 /* Debug */,
				B837F4362465345600A32AB2 /* Release */,
			);
			defaultConfigurationIsVisible = 0;
			defaultConfigurationName = Release;
		};
/* End XCConfigurationList section */
	};
	rootObject = B837F40A2465345200A32AB2 /* Project object */;
}
